
Microsoft Visual Studio Solution File, Format Version 12.00
# Visual Studio 15
VisualStudioVersion = 15.0.28307.1525
MinimumVisualStudioVersion = 10.0.40219.1
Project("{FAE04EC0-301F-11D3-BF4B-00C04F79EFBC}") = "Yılan Oyunu", "Yılan Oyunu\Yılan Oyunu.csproj", "{D726FC6D-CACA-40BD-9EA6-07E2B9497FCD}"
EndProject
Global
	GlobalSection(SolutionConfigurationPlatforms) = preSolution
		Debug|Any CPU = Debug|Any CPU
		Release|Any CPU = Release|Any CPU
	EndGlobalSection
	GlobalSection(ProjectConfigurationPlatforms) = postSolution
		{D726FC6D-CACA-40BD-9EA6-07E2B9497FCD}.Debug|Any CPU.ActiveCfg = Debug|Any CPU
		{D726FC6D-CACA-40BD-9EA6-07E2B9497FCD}.Debug|Any CPU.Build.0 = Debug|Any CPU
		{D726FC6D-CACA-40BD-9EA6-07E2B9497FCD}.Release|Any CPU.ActiveCfg = Release|Any CPU
		{D726FC6D-CACA-40BD-9EA6-07E2B9497FCD}.Release|Any CPU.Build.0 = Release|Any CPU
	EndGlobalSection
	GlobalSection(SolutionProperties) = preSolution
		HideSolutionNode = FALSE
	EndGlobalSection
	GlobalSection(ExtensibilityGlobals) = postSolution
		SolutionGuid = {AE8A432A-BB46-46DB-B2E9-3C4CE5FEEC85}
	EndGlobalSection
EndGlobal
